
Microsoft Visual Studio Solution File, Format Version 12.00
Project("{FAE04EC0-301F-11D3-BF4B-00C04F79EFBC}") = "web", "web\web.csproj", "{AC0421C8-3346-4F4A-9A7A-1265AFE352DC}"
EndProject
Project("{2150E333-8FDC-42A3-9474-1A3956D46DE8}") = "Services", "Services", "{5FDF835D-0569-4BDF-B80A-0E7AD11FACA4}"
EndProject
Project("{2150E333-8FDC-42A3-9474-1A3956D46DE8}") = "Clients", "Clients", "{5FC7944A-4683-449F-B7A6-D9E1D5FEA9BF}"
EndProject
Project("{2150E333-8FDC-42A3-9474-1A3956D46DE8}") = "Tests", "Tests", "{02A83975-1F80-4F75-8F90-F2693903C8B1}"
EndProject
Project("{FAE04EC0-301F-11D3-BF4B-00C04F79EFBC}") = "orders", "orders\orders.csproj", "{A011B4A5-77D0-408A-9C21-2B1AB9B24331}"
EndProject
Project("{FAE04EC0-301F-11D3-BF4B-00C04F79EFBC}") = "rabbitmq", "rabbitmq\rabbitmq.csproj", "{0F3C0BD1-FE53-407F-8757-A7256397B3C9}"
EndProject
Project("{2150E333-8FDC-42A3-9474-1A3956D46DE8}") = "Shared", "Shared", "{259E3B84-7E25-470E-B5BF-3EB924855F2B}"
EndProject
Project("{FAE04EC0-301F-11D3-BF4B-00C04F79EFBC}") = "DTO", "DTO\DTO.csproj", "{03649649-82E8-4152-A61F-F38881FDFDBB}"
EndProject
Project("{FAE04EC0-301F-11D3-BF4B-00C04F79EFBC}") = "BrokerService", "BrokerService\BrokerService.csproj", "{BF8CACCE-1747-425A-B613-E8FC28474C49}"
EndProject
Project("{2150E333-8FDC-42A3-9474-1A3956D46DE8}") = "Broker", "Broker", "{4F3B22C6-052F-4CCA-8A79-99FD227312E3}"
EndProject
Project("{FAE04EC0-301F-11D3-BF4B-00C04F79EFBC}") = "BrokerTest", "BrokerTest\BrokerTest.csproj", "{F4950670-A4D0-4517-873D-19C4C113EF3C}"
EndProject
Project("{FAE04EC0-301F-11D3-BF4B-00C04F79EFBC}") = "OrderServiceTest", "OrderServiceTest\OrderServiceTest.csproj", "{CF5770EA-BC1F-4F03-86D1-FDB6C3986C9F}"
EndProject
Project("{FAE04EC0-301F-11D3-BF4B-00C04F79EFBC}") = "WebServiceTest", "WebServiceTest\WebServiceTest.csproj", "{692CFB05-70DE-4ADC-8EFE-471150287BE6}"
EndProject
Global
	GlobalSection(SolutionConfigurationPlatforms) = preSolution
		Debug|Any CPU = Debug|Any CPU
		Release|Any CPU = Release|Any CPU
	EndGlobalSection
	GlobalSection(ProjectConfigurationPlatforms) = postSolution
		{AC0421C8-3346-4F4A-9A7A-1265AFE352DC}.Debug|Any CPU.ActiveCfg = Debug|Any CPU
		{AC0421C8-3346-4F4A-9A7A-1265AFE352DC}.Debug|Any CPU.Build.0 = Debug|Any CPU
		{AC0421C8-3346-4F4A-9A7A-1265AFE352DC}.Release|Any CPU.ActiveCfg = Release|Any CPU
		{AC0421C8-3346-4F4A-9A7A-1265AFE352DC}.Release|Any CPU.Build.0 = Release|Any CPU
		{A011B4A5-77D0-408A-9C21-2B1AB9B24331}.Debug|Any CPU.ActiveCfg = Debug|Any CPU
		{A011B4A5-77D0-408A-9C21-2B1AB9B24331}.Debug|Any CPU.Build.0 = Debug|Any CPU
		{A011B4A5-77D0-408A-9C21-2B1AB9B24331}.Release|Any CPU.ActiveCfg = Release|Any CPU
		{A011B4A5-77D0-408A-9C21-2B1AB9B24331}.Release|Any CPU.Build.0 = Release|Any CPU
		{0F3C0BD1-FE53-407F-8757-A7256397B3C9}.Debug|Any CPU.ActiveCfg = Debug|Any CPU
		{0F3C0BD1-FE53-407F-8757-A7256397B3C9}.Debug|Any CPU.Build.0 = Debug|Any CPU
		{0F3C0BD1-FE53-407F-8757-A7256397B3C9}.Release|Any CPU.ActiveCfg = Release|Any CPU
		{0F3C0BD1-FE53-407F-8757-A7256397B3C9}.Release|Any CPU.Build.0 = Release|Any CPU
		{03649649-82E8-4152-A61F-F38881FDFDBB}.Debug|Any CPU.ActiveCfg = Debug|Any CPU
		{03649649-82E8-4152-A61F-F38881FDFDBB}.Debug|Any CPU.Build.0 = Debug|Any CPU
		{03649649-82E8-4152-A61F-F38881FDFDBB}.Release|Any CPU.ActiveCfg = Release|Any CPU
		{03649649-82E8-4152-A61F-F38881FDFDBB}.Release|Any CPU.Build.0 = Release|Any CPU
		{BF8CACCE-1747-425A-B613-E8FC28474C49}.Debug|Any CPU.ActiveCfg = Debug|Any CPU
		{BF8CACCE-1747-425A-B613-E8FC28474C49}.Debug|Any CPU.Build.0 = Debug|Any CPU
		{BF8CACCE-1747-425A-B613-E8FC28474C49}.Release|Any CPU.ActiveCfg = Release|Any CPU
		{BF8CACCE-1747-425A-B613-E8FC28474C49}.Release|Any CPU.Build.0 = Release|Any CPU
		{F4950670-A4D0-4517-873D-19C4C113EF3C}.Debug|Any CPU.ActiveCfg = Debug|Any CPU
		{F4950670-A4D0-4517-873D-19C4C113EF3C}.Debug|Any CPU.Build.0 = Debug|Any CPU
		{F4950670-A4D0-4517-873D-19C4C113EF3C}.Release|Any CPU.ActiveCfg = Release|Any CPU
		{F4950670-A4D0-4517-873D-19C4C113EF3C}.Release|Any CPU.Build.0 = Release|Any CPU
		{CF5770EA-BC1F-4F03-86D1-FDB6C3986C9F}.Debug|Any CPU.ActiveCfg = Debug|Any CPU
		{CF5770EA-BC1F-4F03-86D1-FDB6C3986C9F}.Debug|Any CPU.Build.0 = Debug|Any CPU
		{CF5770EA-BC1F-4F03-86D1-FDB6C3986C9F}.Release|Any CPU.ActiveCfg = Release|Any CPU
		{CF5770EA-BC1F-4F03-86D1-FDB6C3986C9F}.Release|Any CPU.Build.0 = Release|Any CPU
		{692CFB05-70DE-4ADC-8EFE-471150287BE6}.Debug|Any CPU.ActiveCfg = Debug|Any CPU
		{692CFB05-70DE-4ADC-8EFE-471150287BE6}.Debug|Any CPU.Build.0 = Debug|Any CPU
		{692CFB05-70DE-4ADC-8EFE-471150287BE6}.Release|Any CPU.ActiveCfg = Release|Any CPU
		{692CFB05-70DE-4ADC-8EFE-471150287BE6}.Release|Any CPU.Build.0 = Release|Any CPU
	EndGlobalSection
	GlobalSection(NestedProjects) = preSolution
		{AC0421C8-3346-4F4A-9A7A-1265AFE352DC} = {5FC7944A-4683-449F-B7A6-D9E1D5FEA9BF}
		{A011B4A5-77D0-408A-9C21-2B1AB9B24331} = {5FDF835D-0569-4BDF-B80A-0E7AD11FACA4}
		{0F3C0BD1-FE53-407F-8757-A7256397B3C9} = {5FDF835D-0569-4BDF-B80A-0E7AD11FACA4}
		{03649649-82E8-4152-A61F-F38881FDFDBB} = {259E3B84-7E25-470E-B5BF-3EB924855F2B}
		{BF8CACCE-1747-425A-B613-E8FC28474C49} = {4F3B22C6-052F-4CCA-8A79-99FD227312E3}
		{F4950670-A4D0-4517-873D-19C4C113EF3C} = {02A83975-1F80-4F75-8F90-F2693903C8B1}
		{CF5770EA-BC1F-4F03-86D1-FDB6C3986C9F} = {02A83975-1F80-4F75-8F90-F2693903C8B1}
		{692CFB05-70DE-4ADC-8EFE-471150287BE6} = {02A83975-1F80-4F75-8F90-F2693903C8B1}
	EndGlobalSection
EndGlobal
